// !$*UTF8*$!
{
	archiveVersion = 1;
	classes = {
	};
	objectVersion = 46;
	objects = {

/* Begin PBXBuildFile section */
		050A41741E13CC0900EE0B42 /* AppDelegate.swift in Sources */ = {isa = PBXBuildFile; fileRef = 050A41731E13CC0900EE0B42 /* AppDelegate.swift */; };
		050A41761E13CC0900EE0B42 /* MasterViewController.swift in Sources */ = {isa = PBXBuildFile; fileRef = 050A41751E13CC0900EE0B42 /* MasterViewController.swift */; };
		050A41781E13CC0900EE0B42 /* DetailViewController.swift in Sources */ = {isa = PBXBuildFile; fileRef = 050A41771E13CC0900EE0B42 /* DetailViewController.swift */; };
		050A417B1E13CC0900EE0B42 /* Main.storyboard in Resources */ = {isa = PBXBuildFile; fileRef = 050A41791E13CC0900EE0B42 /* Main.storyboard */; };
		050A417D1E13CC0900EE0B42 /* Assets.xcassets in Resources */ = {isa = PBXBuildFile; fileRef = 050A417C1E13CC0900EE0B42 /* Assets.xcassets */; };
		050A41801E13CC0900EE0B42 /* LaunchScreen.storyboard in Resources */ = {isa = PBXBuildFile; fileRef = 050A417E1E13CC0900EE0B42 /* LaunchScreen.storyboard */; };
		050A418B1E13CC0A00EE0B42 /* StudiousTests.swift in Sources */ = {isa = PBXBuildFile; fileRef = 050A418A1E13CC0A00EE0B42 /* StudiousTests.swift */; };
		050A41961E13CC0A00EE0B42 /* StudiousUITests.swift in Sources */ = {isa = PBXBuildFile; fileRef = 050A41951E13CC0A00EE0B42 /* StudiousUITests.swift */; };
/* End PBXBuildFile section */

/* Begin PBXContainerItemProxy section */
		050A41871E13CC0A00EE0B42 /* PBXContainerItemProxy */ = {
			isa = PBXContainerItemProxy;
			containerPortal = 050A41681E13CC0900EE0B42 /* Project object */;
			proxyType = 1;
			remoteGlobalIDString = 050A416F1E13CC0900EE0B42;
			remoteInfo = Studious;
		};
		050A41921E13CC0A00EE0B42 /* PBXContainerItemProxy */ = {
			isa = PBXContainerItemProxy;
			containerPortal = 050A41681E13CC0900EE0B42 /* Project object */;
			proxyType = 1;
			remoteGlobalIDString = 050A416F1E13CC0900EE0B42;
			remoteInfo = Studious;
		};
/* End PBXContainerItemProxy section */

/* Begin PBXFileReference section */
		050A41701E13CC0900EE0B42 /* Studious.app */ = {isa = PBXFileReference; explicitFileType = wrapper.application; includeInIndex = 0; path = Studious.app; sourceTree = BUILT_PRODUCTS_DIR; };
		050A41731E13CC0900EE0B42 /* AppDelegate.swift */ = {isa = PBXFileReference; lastKnownFileType = sourcecode.swift; path = AppDelegate.swift; sourceTree = "<group>"; };
		050A41751E13CC0900EE0B42 /* MasterViewController.swift */ = {isa = PBXFileReference; lastKnownFileType = sourcecode.swift; path = MasterViewController.swift; sourceTree = "<group>"; };
		050A41771E13CC0900EE0B42 /* DetailViewController.swift */ = {isa = PBXFileReference; lastKnownFileType = sourcecode.swift; path = DetailViewController.swift; sourceTree = "<group>"; };
		050A417A1E13CC0900EE0B42 /* Base */ = {isa = PBXFileReference; lastKnownFileType = file.storyboard; name = Base; path = Base.lproj/Main.storyboard; sourceTree = "<group>"; };
		050A417C1E13CC0900EE0B42 /* Assets.xcassets */ = {isa = PBXFileReference; lastKnownFileType = folder.assetcatalog; path = Assets.xcassets; sourceTree = "<group>"; };
		050A417F1E13CC0900EE0B42 /* Base */ = {isa = PBXFileReference; lastKnownFileType = file.storyboard; name = Base; path = Base.lproj/LaunchScreen.storyboard; sourceTree = "<group>"; };
		050A41811E13CC0900EE0B42 /* Info.plist */ = {isa = PBXFileReference; lastKnownFileType = text.plist.xml; path = Info.plist; sourceTree = "<group>"; };
		050A41861E13CC0A00EE0B42 /* StudiousTests.xctest */ = {isa = PBXFileReference; explicitFileType = wrapper.cfbundle; includeInIndex = 0; path = StudiousTests.xctest; sourceTree = BUILT_PRODUCTS_DIR; };
		050A418A1E13CC0A00EE0B42 /* StudiousTests.swift */ = {isa = PBXFileReference; lastKnownFileType = sourcecode.swift; path = StudiousTests.swift; sourceTree = "<group>"; };
		050A418C1E13CC0A00EE0B42 /* Info.plist */ = {isa = PBXFileReference; lastKnownFileType = text.plist.xml; path = Info.plist; sourceTree = "<group>"; };
		050A41911E13CC0A00EE0B42 /* StudiousUITests.xctest */ = {isa = PBXFileReference; explicitFileType = wrapper.cfbundle; includeInIndex = 0; path = StudiousUITests.xctest; sourceTree = BUILT_PRODUCTS_DIR; };
		050A41951E13CC0A00EE0B42 /* StudiousUITests.swift */ = {isa = PBXFileReference; lastKnownFileType = sourcecode.swift; path = StudiousUITests.swift; sourceTree = "<group>"; };
		050A41971E13CC0A00EE0B42 /* Info.plist */ = {isa = PBXFileReference; lastKnownFileType = text.plist.xml; path = Info.plist; sourceTree = "<group>"; };
/* End PBXFileReference section */

/* Begin PBXFrameworksBuildPhase section */
		050A416D1E13CC0900EE0B42 /* Frameworks */ = {
			isa = PBXFrameworksBuildPhase;
			buildActionMask = 2147483647;
			files = (
			);
			runOnlyForDeploymentPostprocessing = 0;
		};
		050A41831E13CC0A00EE0B42 /* Frameworks */ = {
			isa = PBXFrameworksBuildPhase;
			buildActionMask = 2147483647;
			files = (
			);
			runOnlyForDeploymentPostprocessing = 0;
		};
		050A418E1E13CC0A00EE0B42 /* Frameworks */ = {
			isa = PBXFrameworksBuildPhase;
			buildActionMask = 2147483647;
			files = (
			);
			runOnlyForDeploymentPostprocessing = 0;
		};
/* End PBXFrameworksBuildPhase section */

/* Begin PBXGroup section */
		050A41671E13CC0900EE0B42 = {
			isa = PBXGroup;
			children = (
				050A41721E13CC0900EE0B42 /* Studious */,
				050A41891E13CC0A00EE0B42 /* StudiousTests */,
				050A41941E13CC0A00EE0B42 /* StudiousUITests */,
				050A41711E13CC0900EE0B42 /* Products */,
			);
			sourceTree = "<group>";
		};
		050A41711E13CC0900EE0B42 /* Products */ = {
			isa = PBXGroup;
			children = (
				050A41701E13CC0900EE0B42 /* Studious.app */,
				050A41861E13CC0A00EE0B42 /* StudiousTests.xctest */,
				050A41911E13CC0A00EE0B42 /* StudiousUITests.xctest */,
			);
			name = Products;
			sourceTree = "<group>";
		};
		050A41721E13CC0900EE0B42 /* Studious */ = {
			isa = PBXGroup;
			children = (
				050A41731E13CC0900EE0B42 /* AppDelegate.swift */,
				050A41751E13CC0900EE0B42 /* MasterViewController.swift */,
				050A41771E13CC0900EE0B42 /* DetailViewController.swift */,
				050A41791E13CC0900EE0B42 /* Main.storyboard */,
				050A417C1E13CC0900EE0B42 /* Assets.xcassets */,
				050A417E1E13CC0900EE0B42 /* LaunchScreen.storyboard */,
				050A41811E13CC0900EE0B42 /* Info.plist */,
			);
			path = Studious;
			sourceTree = "<group>";
		};
		050A41891E13CC0A00EE0B42 /* StudiousTests */ = {
			isa = PBXGroup;
			children = (
				050A418A1E13CC0A00EE0B42 /* StudiousTests.swift */,
				050A418C1E13CC0A00EE0B42 /* Info.plist */,
			);
			path = StudiousTests;
			sourceTree = "<group>";
		};
		050A41941E13CC0A00EE0B42 /* StudiousUITests */ = {
			isa = PBXGroup;
			children = (
				050A41951E13CC0A00EE0B42 /* StudiousUITests.swift */,
				050A41971E13CC0A00EE0B42 /* Info.plist */,
			);
			path = StudiousUITests;
			sourceTree = "<group>";
		};
/* End PBXGroup section */

/* Begin PBXNativeTarget section */
		050A416F1E13CC0900EE0B42 /* Studious */ = {
			isa = PBXNativeTarget;
			buildConfigurationList = 050A419A1E13CC0A00EE0B42 /* Build configuration list for PBXNativeTarget "Studious" */;
			buildPhases = (
				050A416C1E13CC0900EE0B42 /* Sources */,
				050A416D1E13CC0900EE0B42 /* Frameworks */,
				050A416E1E13CC0900EE0B42 /* Resources */,
			);
			buildRules = (
			);
			dependencies = (
			);
			name = Studious;
			productName = Studious;
			productReference = 050A41701E13CC0900EE0B42 /* Studious.app */;
			productType = "com.apple.product-type.application";
		};
		050A41851E13CC0A00EE0B42 /* StudiousTests */ = {
			isa = PBXNativeTarget;
			buildConfigurationList = 050A419D1E13CC0A00EE0B42 /* Build configuration list for PBXNativeTarget "StudiousTests" */;
			buildPhases = (
				050A41821E13CC0A00EE0B42 /* Sources */,
				050A41831E13CC0A00EE0B42 /* Frameworks */,
				050A41841E13CC0A00EE0B42 /* Resources */,
			);
			buildRules = (
			);
			dependencies = (
				050A41881E13CC0A00EE0B42 /* PBXTargetDependency */,
			);
			name = StudiousTests;
			productName = StudiousTests;
			productReference = 050A41861E13CC0A00EE0B42 /* StudiousTests.xctest */;
			productType = "com.apple.product-type.bundle.unit-test";
		};
		050A41901E13CC0A00EE0B42 /* StudiousUITests */ = {
			isa = PBXNativeTarget;
			buildConfigurationList = 050A41A01E13CC0A00EE0B42 /* Build configuration list for PBXNativeTarget "StudiousUITests" */;
			buildPhases = (
				050A418D1E13CC0A00EE0B42 /* Sources */,
				050A418E1E13CC0A00EE0B42 /* Frameworks */,
				050A418F1E13CC0A00EE0B42 /* Resources */,
			);
			buildRules = (
			);
			dependencies = (
				050A41931E13CC0A00EE0B42 /* PBXTargetDependency */,
			);
			name = StudiousUITests;
			productName = StudiousUITests;
			productReference = 050A41911E13CC0A00EE0B42 /* StudiousUITests.xctest */;
			productType = "com.apple.product-type.bundle.ui-testing";
		};
/* End PBXNativeTarget section */

/* Begin PBXProject section */
		050A41681E13CC0900EE0B42 /* Project object */ = {
			isa = PBXProject;
			attributes = {
				LastSwiftUpdateCheck = 0820;
				LastUpgradeCheck = 0820;
				ORGANIZATIONNAME = "Frederic Murry";
				TargetAttributes = {
					050A416F1E13CC0900EE0B42 = {
						CreatedOnToolsVersion = 8.2.1;
						ProvisioningStyle = Automatic;
					};
					050A41851E13CC0A00EE0B42 = {
						CreatedOnToolsVersion = 8.2.1;
						ProvisioningStyle = Automatic;
						TestTargetID = 050A416F1E13CC0900EE0B42;
					};
					050A41901E13CC0A00EE0B42 = {
						CreatedOnToolsVersion = 8.2.1;
						ProvisioningStyle = Automatic;
						TestTargetID = 050A416F1E13CC0900EE0B42;
					};
				};
			};
			buildConfigurationList = 050A416B1E13CC0900EE0B42 /* Build configuration list for PBXProject "Studious" */;
			compatibilityVersion = "Xcode 3.2";
			developmentRegion = English;
			hasScannedForEncodings = 0;
			knownRegions = (
				en,
				Base,
			);
			mainGroup = 050A41671E13CC0900EE0B42;
			productRefGroup = 050A41711E13CC0900EE0B42 /* Products */;
			projectDirPath = "";
			projectRoot = "";
			targets = (
				050A416F1E13CC0900EE0B42 /* Studious */,
				050A41851E13CC0A00EE0B42 /* StudiousTests */,
				050A41901E13CC0A00EE0B42 /* StudiousUITests */,
			);
		};
/* End PBXProject section */

/* Begin PBXResourcesBuildPhase section */
		050A416E1E13CC0900EE0B42 /* Resources */ = {
			isa = PBXResourcesBuildPhase;
			buildActionMask = 2147483647;
			files = (
				050A41801E13CC0900EE0B42 /* LaunchScreen.storyboard in Resources */,
				050A417D1E13CC0900EE0B42 /* Assets.xcassets in Resources */,
				050A417B1E13CC0900EE0B42 /* Main.storyboard in Resources */,
			);
			runOnlyForDeploymentPostprocessing = 0;
		};
		050A41841E13CC0A00EE0B42 /* Resources */ = {
			isa = PBXResourcesBuildPhase;
			buildActionMask = 2147483647;
			files = (
			);
			runOnlyForDeploymentPostprocessing = 0;
		};
		050A418F1E13CC0A00EE0B42 /* Resources */ = {
			isa = PBXResourcesBuildPhase;
			buildActionMask = 2147483647;
			files = (
			);
			runOnlyForDeploymentPostprocessing = 0;
		};
/* End PBXResourcesBuildPhase section */

/* Begin PBXSourcesBuildPhase section */
		050A416C1E13CC0900EE0B42 /* Sources */ = {
			isa = PBXSourcesBuildPhase;
			buildActionMask = 2147483647;
			files = (
				050A41781E13CC0900EE0B42 /* DetailViewController.swift in Sources */,
				050A41761E13CC0900EE0B42 /* MasterViewController.swift in Sources */,
				050A41741E13CC0900EE0B42 /* AppDelegate.swift in Sources */,
			);
			runOnlyForDeploymentPostprocessing = 0;
		};
		050A41821E13CC0A00EE0B42 /* Sources */ = {
			isa = PBXSourcesBuildPhase;
			buildActionMask = 2147483647;
			files = (
				050A418B1E13CC0A00EE0B42 /* StudiousTests.swift in Sources */,
			);
			runOnlyForDeploymentPostprocessing = 0;
		};
		050A418D1E13CC0A00EE0B42 /* Sources */ = {
			isa = PBXSourcesBuildPhase;
			buildActionMask = 2147483647;
			files = (
				050A41961E13CC0A00EE0B42 /* StudiousUITests.swift in Sources */,
			);
			runOnlyForDeploymentPostprocessing = 0;
		};
/* End PBXSourcesBuildPhase section */

/* Begin PBXTargetDependency section */
		050A41881E13CC0A00EE0B42 /* PBXTargetDependency */ = {
			isa = PBXTargetDependency;
			target = 050A416F1E13CC0900EE0B42 /* Studious */;
			targetProxy = 050A41871E13CC0A00EE0B42 /* PBXContainerItemProxy */;
		};
		050A41931E13CC0A00EE0B42 /* PBXTargetDependency */ = {
			isa = PBXTargetDependency;
			target = 050A416F1E13CC0900EE0B42 /* Studious */;
			targetProxy = 050A41921E13CC0A00EE0B42 /* PBXContainerItemProxy */;
		};
/* End PBXTargetDependency section */

/* Begin PBXVariantGroup section */
		050A41791E13CC0900EE0B42 /* Main.storyboard */ = {
			isa = PBXVariantGroup;
			children = (
				050A417A1E13CC0900EE0B42 /* Base */,
			);
			name = Main.storyboard;
			sourceTree = "<group>";
		};
		050A417E1E13CC0900EE0B42 /* LaunchScreen.storyboard */ = {
			isa = PBXVariantGroup;
			children = (
				050A417F1E13CC0900EE0B42 /* Base */,
			);
			name = LaunchScreen.storyboard;
			sourceTree = "<group>";
		};
/* End PBXVariantGroup section */

/* Begin XCBuildConfiguration section */
		050A41981E13CC0A00EE0B42 /* Debug */ = {
			isa = XCBuildConfiguration;
			buildSettings = {
				ALWAYS_SEARCH_USER_PATHS = NO;
				CLANG_ANALYZER_NONNULL = YES;
				CLANG_CXX_LANGUAGE_STANDARD = "gnu++0x";
				CLANG_CXX_LIBRARY = "libc++";
				CLANG_ENABLE_MODULES = YES;
				CLANG_ENABLE_OBJC_ARC = YES;
				CLANG_WARN_BOOL_CONVERSION = YES;
				CLANG_WARN_CONSTANT_CONVERSION = YES;
				CLANG_WARN_DIRECT_OBJC_ISA_USAGE = YES_ERROR;
				CLANG_WARN_DOCUMENTATION_COMMENTS = YES;
				CLANG_WARN_EMPTY_BODY = YES;
				CLANG_WARN_ENUM_CONVERSION = YES;
				CLANG_WARN_INFINITE_RECURSION = YES;
				CLANG_WARN_INT_CONVERSION = YES;
				CLANG_WARN_OBJC_ROOT_CLASS = YES_ERROR;
				CLANG_WARN_SUSPICIOUS_MOVE = YES;
				CLANG_WARN_UNREACHABLE_CODE = YES;
				CLANG_WARN__DUPLICATE_METHOD_MATCH = YES;
				"CODE_SIGN_IDENTITY[sdk=iphoneos*]" = "iPhone Developer";
				COPY_PHASE_STRIP = NO;
				DEBUG_INFORMATION_FORMAT = dwarf;
				ENABLE_STRICT_OBJC_MSGSEND = YES;
				ENABLE_TESTABILITY = YES;
				GCC_C_LANGUAGE_STANDARD = gnu99;
				GCC_DYNAMIC_NO_PIC = NO;
				GCC_NO_COMMON_BLOCKS = YES;
				GCC_OPTIMIZATION_LEVEL = 0;
				GCC_PREPROCESSOR_DEFINITIONS = (
					"DEBUG=1",
					"$(inherited)",
				);
				GCC_WARN_64_TO_32_BIT_CONVERSION = YES;
				GCC_WARN_ABOUT_RETURN_TYPE = YES_ERROR;
				GCC_WARN_UNDECLARED_SELECTOR = YES;
				GCC_WARN_UNINITIALIZED_AUTOS = YES_AGGRESSIVE;
				GCC_WARN_UNUSED_FUNCTION = YES;
				GCC_WARN_UNUSED_VARIABLE = YES;
				IPHONEOS_DEPLOYMENT_TARGET = 10.2;
				MTL_ENABLE_DEBUG_INFO = YES;
				ONLY_ACTIVE_ARCH = YES;
				SDKROOT = iphoneos;
				SWIFT_ACTIVE_COMPILATION_CONDITIONS = DEBUG;
				SWIFT_OPTIMIZATION_LEVEL = "-Onone";
			};
			name = Debug;
		};
		050A41991E13CC0A00EE0B42 /* Release */ = {
			isa = XCBuildConfiguration;
			buildSettings = {
				ALWAYS_SEARCH_USER_PATHS = NO;
				CLANG_ANALYZER_NONNULL = YES;
				CLANG_CXX_LANGUAGE_STANDARD = "gnu++0x";
				CLANG_CXX_LIBRARY = "libc++";
				CLANG_ENABLE_MODULES = YES;
				CLANG_ENABLE_OBJC_ARC = YES;
				CLANG_WARN_BOOL_CONVERSION = YES;
				CLANG_WARN_CONSTANT_CONVERSION = YES;
				CLANG_WARN_DIRECT_OBJC_ISA_USAGE = YES_ERROR;
				CLANG_WARN_DOCUMENTATION_COMMENTS = YES;
				CLANG_WARN_EMPTY_BODY = YES;
				CLANG_WARN_ENUM_CONVERSION = YES;
				CLANG_WARN_INFINITE_RECURSION = YES;
				CLANG_WARN_INT_CONVERSION = YES;
				CLANG_WARN_OBJC_ROOT_CLASS = YES_ERROR;
				CLANG_WARN_SUSPICIOUS_MOVE = YES;
				CLANG_WARN_UNREACHABLE_CODE = YES;
				CLANG_WARN__DUPLICATE_METHOD_MATCH = YES;
				"CODE_SIGN_IDENTITY[sdk=iphoneos*]" = "iPhone Developer";
				COPY_PHASE_STRIP = NO;
				DEBUG_INFORMATION_FORMAT = "dwarf-with-dsym";
				ENABLE_NS_ASSERTIONS = NO;
				ENABLE_STRICT_OBJC_MSGSEND = YES;
				GCC_C_LANGUAGE_STANDARD = gnu99;
				GCC_NO_COMMON_BLOCKS = YES;
				GCC_WARN_64_TO_32_BIT_CONVERSION = YES;
				GCC_WARN_ABOUT_RETURN_TYPE = YES_ERROR;
				GCC_WARN_UNDECLARED_SELECTOR = YES;
				GCC_WARN_UNINITIALIZED_AUTOS = YES_AGGRESSIVE;
				GCC_WARN_UNUSED_FUNCTION = YES;
				GCC_WARN_UNUSED_VARIABLE = YES;
				IPHONEOS_DEPLOYMENT_TARGET = 10.2;
				MTL_ENABLE_DEBUG_INFO = NO;
				SDKROOT = iphoneos;
				SWIFT_OPTIMIZATION_LEVEL = "-Owholemodule";
				VALIDATE_PRODUCT = YES;
			};
			name = Release;
		};
		050A419B1E13CC0A00EE0B42 /* Debug */ = {
			isa = XCBuildConfiguration;
			buildSettings = {
				ASSETCATALOG_COMPILER_APPICON_NAME = AppIcon;
				INFOPLIST_FILE = Studious/Info.plist;
				LD_RUNPATH_SEARCH_PATHS = "$(inherited) @executable_path/Frameworks";
				PRODUCT_BUNDLE_IDENTIFIER = xyz.fmsoft.Studious;
				PRODUCT_NAME = "$(TARGET_NAME)";
				SWIFT_VERSION = 3.0;
			};
			name = Debug;
		};
		050A419C1E13CC0A00EE0B42 /* Release */ = {
			isa = XCBuildConfiguration;
			buildSettings = {
				ASSETCATALOG_COMPILER_APPICON_NAME = AppIcon;
				INFOPLIST_FILE = Studious/Info.plist;
				LD_RUNPATH_SEARCH_PATHS = "$(inherited) @executable_path/Frameworks";
				PRODUCT_BUNDLE_IDENTIFIER = xyz.fmsoft.Studious;
				PRODUCT_NAME = "$(TARGET_NAME)";
				SWIFT_VERSION = 3.0;
			};
			name = Release;
		};
		050A419E1E13CC0A00EE0B42 /* Debug */ = {
			isa = XCBuildConfiguration;
			buildSettings = {
				ALWAYS_EMBED_SWIFT_STANDARD_LIBRARIES = YES;
				BUNDLE_LOADER = "$(TEST_HOST)";
				INFOPLIST_FILE = StudiousTests/Info.plist;
				LD_RUNPATH_SEARCH_PATHS = "$(inherited) @executable_path/Frameworks @loader_path/Frameworks";
				PRODUCT_BUNDLE_IDENTIFIER = xyz.fmsoft.StudiousTests;
				PRODUCT_NAME = "$(TARGET_NAME)";
				SWIFT_VERSION = 3.0;
				TEST_HOST = "$(BUILT_PRODUCTS_DIR)/Studious.app/Studious";
			};
			name = Debug;
		};
		050A419F1E13CC0A00EE0B42 /* Release */ = {
			isa = XCBuildConfiguration;
			buildSettings = {
				ALWAYS_EMBED_SWIFT_STANDARD_LIBRARIES = YES;
				BUNDLE_LOADER = "$(TEST_HOST)";
				INFOPLIST_FILE = StudiousTests/Info.plist;
				LD_RUNPATH_SEARCH_PATHS = "$(inherited) @executable_path/Frameworks @loader_path/Frameworks";
				PRODUCT_BUNDLE_IDENTIFIER = xyz.fmsoft.StudiousTests;
				PRODUCT_NAME = "$(TARGET_NAME)";
				SWIFT_VERSION = 3.0;
				TEST_HOST = "$(BUILT_PRODUCTS_DIR)/Studious.app/Studious";
			};
			name = Release;
		};
		050A41A11E13CC0A00EE0B42 /* Debug */ = {
			isa = XCBuildConfiguration;
			buildSettings = {
				ALWAYS_EMBED_SWIFT_STANDARD_LIBRARIES = YES;
				INFOPLIST_FILE = StudiousUITests/Info.plist;
				LD_RUNPATH_SEARCH_PATHS = "$(inherited) @executable_path/Frameworks @loader_path/Frameworks";
				PRODUCT_BUNDLE_IDENTIFIER = xyz.fmsoft.StudiousUITests;
				PRODUCT_NAME = "$(TARGET_NAME)";
				SWIFT_VERSION = 3.0;
				TEST_TARGET_NAME = Studious;
			};
			name = Debug;
		};
		050A41A21E13CC0A00EE0B42 /* Release */ = {
			isa = XCBuildConfiguration;
			buildSettings = {
				ALWAYS_EMBED_SWIFT_STANDARD_LIBRARIES = YES;
				INFOPLIST_FILE = StudiousUITests/Info.plist;
				LD_RUNPATH_SEARCH_PATHS = "$(inherited) @executable_path/Frameworks @loader_path/Frameworks";
				PRODUCT_BUNDLE_IDENTIFIER = xyz.fmsoft.StudiousUITests;
				PRODUCT_NAME = "$(TARGET_NAME)";
				SWIFT_VERSION = 3.0;
				TEST_TARGET_NAME = Studious;
			};
			name = Release;
		};
/* End XCBuildConfiguration section */

/* Begin XCConfigurationList section */
		050A416B1E13CC0900EE0B42 /* Build configuration list for PBXProject "Studious" */ = {
			isa = XCConfigurationList;
			buildConfigurations = (
				050A41981E13CC0A00EE0B42 /* Debug */,
				050A41991E13CC0A00EE0B42 /* Release */,
			);
			defaultConfigurationIsVisible = 0;
			defaultConfigurationName = Release;
		};
		050A419A1E13CC0A00EE0B42 /* Build configuration list for PBXNativeTarget "Studious" */ = {
			isa = XCConfigurationList;
			buildConfigurations = (
				050A419B1E13CC0A00EE0B42 /* Debug */,
				050A419C1E13CC0A00EE0B42 /* Release */,
			);
			defaultConfigurationIsVisible = 0;
		};
		050A419D1E13CC0A00EE0B42 /* Build configuration list for PBXNativeTarget "StudiousTests" */ = {
			isa = XCConfigurationList;
			buildConfigurations = (
				050A419E1E13CC0A00EE0B42 /* Debug */,
				050A419F1E13CC0A00EE0B42 /* Release */,
			);
			defaultConfigurationIsVisible = 0;
		};
		050A41A01E13CC0A00EE0B42 /* Build configuration list for PBXNativeTarget "StudiousUITests" */ = {
			isa = XCConfigurationList;
			buildConfigurations = (
				050A41A11E13CC0A00EE0B42 /* Debug */,
				050A41A21E13CC0A00EE0B42 /* Release */,
			);
			defaultConfigurationIsVisible = 0;
		};
/* End XCConfigurationList section */
	};
	rootObject = 050A41681E13CC0900EE0B42 /* Project object */;
}
